// !$*UTF8*$!
{
	archiveVersion = 1;
	classes = {
	};
	objectVersion = 46;
	objects = {

/* Begin PBXBuildFile section */
		B600179D15E2F5620076550D /* UIKit.framework in Frameworks */ = {isa = PBXBuildFile; fileRef = B600179C15E2F5620076550D /* UIKit.framework */; };
		B600179F15E2F5620076550D /* Foundation.framework in Frameworks */ = {isa = PBXBuildFile; fileRef = B600179E15E2F5620076550D /* Foundation.framework */; };
		B60017A115E2F5620076550D /* CoreGraphics.framework in Frameworks */ = {isa = PBXBuildFile; fileRef = B60017A015E2F5620076550D /* CoreGraphics.framework */; };
		B60017A715E2F5620076550D /* InfoPlist.strings in Resources */ = {isa = PBXBuildFile; fileRef = B60017A515E2F5620076550D /* InfoPlist.strings */; };
		B60017A915E2F5620076550D /* main.m in Sources */ = {isa = PBXBuildFile; fileRef = B60017A815E2F5620076550D /* main.m */; };
		B60017AD15E2F5620076550D /* AppDelegate.m in Sources */ = {isa = PBXBuildFile; fileRef = B60017AC15E2F5620076550D /* AppDelegate.m */; };
		B60017BB15E2F5BE0076550D /* MediaServer.m in Sources */ = {isa = PBXBuildFile; fileRef = B60017BA15E2F5BE0076550D /* MediaServer.m */; };
		B664947F16276F9F001EABDF /* Constants.m in Sources */ = {isa = PBXBuildFile; fileRef = B664947E16276F9F001EABDF /* Constants.m */; };
		B664957A162E19A2001EABDF /* NSString+EncodeURL.m in Sources */ = {isa = PBXBuildFile; fileRef = B6649579162E19A2001EABDF /* NSString+EncodeURL.m */; };
		B6702F3E160294A80039D635 /* SearchTagsViewController.m in Sources */ = {isa = PBXBuildFile; fileRef = B6702F3D160294A80039D635 /* SearchTagsViewController.m */; };
		B6702F421602A39B0039D635 /* TweetsViewController.m in Sources */ = {isa = PBXBuildFile; fileRef = B6702F411602A39B0039D635 /* TweetsViewController.m */; };
		B6702F451602A6EE0039D635 /* Tweet.m in Sources */ = {isa = PBXBuildFile; fileRef = B6702F441602A6EE0039D635 /* Tweet.m */; };
/* End PBXBuildFile section */

/* Begin PBXFileReference section */
		B600179815E2F5620076550D /* QueuedHTTPClientSample.app */ = {isa = PBXFileReference; explicitFileType = wrapper.application; includeInIndex = 0; path = QueuedHTTPClientSample.app; sourceTree = BUILT_PRODUCTS_DIR; };
		B600179C15E2F5620076550D /* UIKit.framework */ = {isa = PBXFileReference; lastKnownFileType = wrapper.framework; name = UIKit.framework; path = System/Library/Frameworks/UIKit.framework; sourceTree = SDKROOT; };
		B600179E15E2F5620076550D /* Foundation.framework */ = {isa = PBXFileReference; lastKnownFileType = wrapper.framework; name = Foundation.framework; path = System/Library/Frameworks/Foundation.framework; sourceTree = SDKROOT; };
		B60017A015E2F5620076550D /* CoreGraphics.framework */ = {isa = PBXFileReference; lastKnownFileType = wrapper.framework; name = CoreGraphics.framework; path = System/Library/Frameworks/CoreGraphics.framework; sourceTree = SDKROOT; };
		B60017A415E2F5620076550D /* QueuedHTTPClientSample-Info.plist */ = {isa = PBXFileReference; lastKnownFileType = text.plist.xml; path = "QueuedHTTPClientSample-Info.plist"; sourceTree = "<group>"; };
		B60017A615E2F5620076550D /* en */ = {isa = PBXFileReference; lastKnownFileType = text.plist.strings; name = en; path = en.lproj/InfoPlist.strings; sourceTree = "<group>"; };
		B60017A815E2F5620076550D /* main.m */ = {isa = PBXFileReference; lastKnownFileType = sourcecode.c.objc; path = main.m; sourceTree = "<group>"; };
		B60017AA15E2F5620076550D /* QueuedHTTPClientSample-Prefix.pch */ = {isa = PBXFileReference; lastKnownFileType = sourcecode.c.h; path = "QueuedHTTPClientSample-Prefix.pch"; sourceTree = "<group>"; };
		B60017AB15E2F5620076550D /* AppDelegate.h */ = {isa = PBXFileReference; lastKnownFileType = sourcecode.c.h; path = AppDelegate.h; sourceTree = "<group>"; };
		B60017AC15E2F5620076550D /* AppDelegate.m */ = {isa = PBXFileReference; lastKnownFileType = sourcecode.c.objc; path = AppDelegate.m; sourceTree = "<group>"; };
		B60017B915E2F5BE0076550D /* MediaServer.h */ = {isa = PBXFileReference; fileEncoding = 4; lastKnownFileType = sourcecode.c.h; path = MediaServer.h; sourceTree = "<group>"; };
		B60017BA15E2F5BE0076550D /* MediaServer.m */ = {isa = PBXFileReference; fileEncoding = 4; lastKnownFileType = sourcecode.c.objc; path = MediaServer.m; sourceTree = "<group>"; };
		B664947D16276F9F001EABDF /* Constants.h */ = {isa = PBXFileReference; fileEncoding = 4; lastKnownFileType = sourcecode.c.h; path = Constants.h; sourceTree = "<group>"; };
		B664947E16276F9F001EABDF /* Constants.m */ = {isa = PBXFileReference; fileEncoding = 4; lastKnownFileType = sourcecode.c.objc; path = Constants.m; sourceTree = "<group>"; };
		B6649578162E19A2001EABDF /* NSString+EncodeURL.h */ = {isa = PBXFileReference; fileEncoding = 4; lastKnownFileType = sourcecode.c.h; path = "NSString+EncodeURL.h"; sourceTree = "<group>"; };
		B6649579162E19A2001EABDF /* NSString+EncodeURL.m */ = {isa = PBXFileReference; fileEncoding = 4; lastKnownFileType = sourcecode.c.objc; path = "NSString+EncodeURL.m"; sourceTree = "<group>"; };
		B6702F3C160294A80039D635 /* SearchTagsViewController.h */ = {isa = PBXFileReference; fileEncoding = 4; lastKnownFileType = sourcecode.c.h; path = SearchTagsViewController.h; sourceTree = "<group>"; };
		B6702F3D160294A80039D635 /* SearchTagsViewController.m */ = {isa = PBXFileReference; fileEncoding = 4; lastKnownFileType = sourcecode.c.objc; path = SearchTagsViewController.m; sourceTree = "<group>"; };
		B6702F401602A39B0039D635 /* TweetsViewController.h */ = {isa = PBXFileReference; fileEncoding = 4; lastKnownFileType = sourcecode.c.h; path = TweetsViewController.h; sourceTree = "<group>"; };
		B6702F411602A39B0039D635 /* TweetsViewController.m */ = {isa = PBXFileReference; fileEncoding = 4; lastKnownFileType = sourcecode.c.objc; path = TweetsViewController.m; sourceTree = "<group>"; };
		B6702F431602A6EE0039D635 /* Tweet.h */ = {isa = PBXFileReference; fileEncoding = 4; lastKnownFileType = sourcecode.c.h; path = Tweet.h; sourceTree = "<group>"; };
		B6702F441602A6EE0039D635 /* Tweet.m */ = {isa = PBXFileReference; fileEncoding = 4; lastKnownFileType = sourcecode.c.objc; path = Tweet.m; sourceTree = "<group>"; };
/* End PBXFileReference section */

/* Begin PBXFrameworksBuildPhase section */
		B600179515E2F5620076550D /* Frameworks */ = {
			isa = PBXFrameworksBuildPhase;
			buildActionMask = 2147483647;
			files = (
				B600179D15E2F5620076550D /* UIKit.framework in Frameworks */,
				B600179F15E2F5620076550D /* Foundation.framework in Frameworks */,
				B60017A115E2F5620076550D /* CoreGraphics.framework in Frameworks */,
			);
			runOnlyForDeploymentPostprocessing = 0;
		};
/* End PBXFrameworksBuildPhase section */

/* Begin PBXGroup section */
		B600178D15E2F5610076550D = {
			isa = PBXGroup;
			children = (
				B60017A215E2F5620076550D /* QueuedHTTPClientSample */,
				B600179B15E2F5620076550D /* Frameworks */,
				B600179915E2F5620076550D /* Products */,
			);
			sourceTree = "<group>";
		};
		B600179915E2F5620076550D /* Products */ = {
			isa = PBXGroup;
			children = (
				B600179815E2F5620076550D /* QueuedHTTPClientSample.app */,
			);
			name = Products;
			sourceTree = "<group>";
		};
		B600179B15E2F5620076550D /* Frameworks */ = {
			isa = PBXGroup;
			children = (
				B600179C15E2F5620076550D /* UIKit.framework */,
				B600179E15E2F5620076550D /* Foundation.framework */,
				B60017A015E2F5620076550D /* CoreGraphics.framework */,
			);
			name = Frameworks;
			sourceTree = "<group>";
		};
		B60017A215E2F5620076550D /* QueuedHTTPClientSample */ = {
			isa = PBXGroup;
			children = (
				B60BA8D4162F6C730076BA29 /* App Controllers */,
				B60BA8D5162F6C840076BA29 /* View Controllers */,
				B60BA8D6162F6CAF0076BA29 /* Model */,
				B60017A315E2F5620076550D /* Supporting Files */,
			);
			path = QueuedHTTPClientSample;
			sourceTree = "<group>";
		};
		B60017A315E2F5620076550D /* Supporting Files */ = {
			isa = PBXGroup;
			children = (
				B60017A415E2F5620076550D /* QueuedHTTPClientSample-Info.plist */,
				B60017A515E2F5620076550D /* InfoPlist.strings */,
				B60017A815E2F5620076550D /* main.m */,
				B60017AA15E2F5620076550D /* QueuedHTTPClientSample-Prefix.pch */,
				B664947D16276F9F001EABDF /* Constants.h */,
				B664947E16276F9F001EABDF /* Constants.m */,
				B60BA8D9162F6CEE0076BA29 /* Categories */,
			);
			name = "Supporting Files";
			sourceTree = "<group>";
		};
		B60BA8D4162F6C730076BA29 /* App Controllers */ = {
			isa = PBXGroup;
			children = (
				B60017AB15E2F5620076550D /* AppDelegate.h */,
				B60017AC15E2F5620076550D /* AppDelegate.m */,
			);
			name = "App Controllers";
			sourceTree = "<group>";
		};
		B60BA8D5162F6C840076BA29 /* View Controllers */ = {
			isa = PBXGroup;
			children = (
				B6702F3C160294A80039D635 /* SearchTagsViewController.h */,
				B6702F3D160294A80039D635 /* SearchTagsViewController.m */,
				B6702F401602A39B0039D635 /* TweetsViewController.h */,
				B6702F411602A39B0039D635 /* TweetsViewController.m */,
			);
			name = "View Controllers";
			sourceTree = "<group>";
		};
		B60BA8D6162F6CAF0076BA29 /* Model */ = {
			isa = PBXGroup;
			children = (
				B60BA8D7162F6CB70076BA29 /* Networking */,
				B60BA8D8162F6CC90076BA29 /* JSON Data Object */,
			);
			name = Model;
			sourceTree = "<group>";
		};
		B60BA8D7162F6CB70076BA29 /* Networking */ = {
			isa = PBXGroup;
			children = (
				B60017B915E2F5BE0076550D /* MediaServer.h */,
				B60017BA15E2F5BE0076550D /* MediaServer.m */,
			);
			name = Networking;
			sourceTree = "<group>";
		};
		B60BA8D8162F6CC90076BA29 /* JSON Data Object */ = {
			isa = PBXGroup;
			children = (
				B6702F431602A6EE0039D635 /* Tweet.h */,
				B6702F441602A6EE0039D635 /* Tweet.m */,
			);
			name = "JSON Data Object";
			sourceTree = "<group>";
		};
		B60BA8D9162F6CEE0076BA29 /* Categories */ = {
			isa = PBXGroup;
			children = (
				B6649578162E19A2001EABDF /* NSString+EncodeURL.h */,
				B6649579162E19A2001EABDF /* NSString+EncodeURL.m */,
			);
			name = Categories;
			sourceTree = "<group>";
		};
/* End PBXGroup section */

/* Begin PBXNativeTarget section */
		B600179715E2F5620076550D /* QueuedHTTPClientSample */ = {
			isa = PBXNativeTarget;
			buildConfigurationList = B60017B615E2F5620076550D /* Build configuration list for PBXNativeTarget "QueuedHTTPClientSample" */;
			buildPhases = (
				B600179415E2F5620076550D /* Sources */,
				B600179515E2F5620076550D /* Frameworks */,
				B600179615E2F5620076550D /* Resources */,
			);
			buildRules = (
			);
			dependencies = (
			);
			name = QueuedHTTPClientSample;
			productName = QueuedHTTPClientSample;
			productReference = B600179815E2F5620076550D /* QueuedHTTPClientSample.app */;
			productType = "com.apple.product-type.application";
		};
/* End PBXNativeTarget section */

/* Begin PBXProject section */
		B600178F15E2F5610076550D /* Project object */ = {
			isa = PBXProject;
			attributes = {
				LastUpgradeCheck = 0430;
				ORGANIZATIONNAME = "ELC Technologies";
			};
			buildConfigurationList = B600179215E2F5610076550D /* Build configuration list for PBXProject "QueuedHTTPClientSample" */;
			compatibilityVersion = "Xcode 3.2";
			developmentRegion = English;
			hasScannedForEncodings = 0;
			knownRegions = (
				en,
			);
			mainGroup = B600178D15E2F5610076550D;
			productRefGroup = B600179915E2F5620076550D /* Products */;
			projectDirPath = "";
			projectRoot = "";
			targets = (
				B600179715E2F5620076550D /* QueuedHTTPClientSample */,
			);
		};
/* End PBXProject section */

/* Begin PBXResourcesBuildPhase section */
		B600179615E2F5620076550D /* Resources */ = {
			isa = PBXResourcesBuildPhase;
			buildActionMask = 2147483647;
			files = (
				B60017A715E2F5620076550D /* InfoPlist.strings in Resources */,
			);
			runOnlyForDeploymentPostprocessing = 0;
		};
/* End PBXResourcesBuildPhase section */

/* Begin PBXSourcesBuildPhase section */
		B600179415E2F5620076550D /* Sources */ = {
			isa = PBXSourcesBuildPhase;
			buildActionMask = 2147483647;
			files = (
				B60017A915E2F5620076550D /* main.m in Sources */,
				B60017AD15E2F5620076550D /* AppDelegate.m in Sources */,
				B60017BB15E2F5BE0076550D /* MediaServer.m in Sources */,
				B6702F3E160294A80039D635 /* SearchTagsViewController.m in Sources */,
				B6702F421602A39B0039D635 /* TweetsViewController.m in Sources */,
				B6702F451602A6EE0039D635 /* Tweet.m in Sources */,
				B664947F16276F9F001EABDF /* Constants.m in Sources */,
				B664957A162E19A2001EABDF /* NSString+EncodeURL.m in Sources */,
			);
			runOnlyForDeploymentPostprocessing = 0;
		};
/* End PBXSourcesBuildPhase section */

/* Begin PBXVariantGroup section */
		B60017A515E2F5620076550D /* InfoPlist.strings */ = {
			isa = PBXVariantGroup;
			children = (
				B60017A615E2F5620076550D /* en */,
			);
			name = InfoPlist.strings;
			sourceTree = "<group>";
		};
/* End PBXVariantGroup section */

/* Begin XCBuildConfiguration section */
		B60017B415E2F5620076550D /* Debug */ = {
			isa = XCBuildConfiguration;
			buildSettings = {
				ALWAYS_SEARCH_USER_PATHS = NO;
				ARCHS = "$(ARCHS_STANDARD_32_BIT)";
				CLANG_ENABLE_OBJC_ARC = YES;
				"CODE_SIGN_IDENTITY[sdk=iphoneos*]" = "iPhone Developer";
				COPY_PHASE_STRIP = NO;
				GCC_C_LANGUAGE_STANDARD = gnu99;
				GCC_DYNAMIC_NO_PIC = NO;
				GCC_OPTIMIZATION_LEVEL = 0;
				GCC_PREPROCESSOR_DEFINITIONS = (
					"DEBUG=1",
					"$(inherited)",
				);
				GCC_SYMBOLS_PRIVATE_EXTERN = NO;
				GCC_VERSION = com.apple.compilers.llvm.clang.1_0;
				GCC_WARN_ABOUT_RETURN_TYPE = YES;
				GCC_WARN_UNINITIALIZED_AUTOS = YES;
				GCC_WARN_UNUSED_VARIABLE = YES;
				IPHONEOS_DEPLOYMENT_TARGET = 5.1;
				SDKROOT = iphoneos;
			};
			name = Debug;
		};
		B60017B515E2F5620076550D /* Release */ = {
			isa = XCBuildConfiguration;
			buildSettings = {
				ALWAYS_SEARCH_USER_PATHS = NO;
				ARCHS = "$(ARCHS_STANDARD_32_BIT)";
				CLANG_ENABLE_OBJC_ARC = YES;
				"CODE_SIGN_IDENTITY[sdk=iphoneos*]" = "iPhone Developer";
				COPY_PHASE_STRIP = YES;
				GCC_C_LANGUAGE_STANDARD = gnu99;
				GCC_VERSION = com.apple.compilers.llvm.clang.1_0;
				GCC_WARN_ABOUT_RETURN_TYPE = YES;
				GCC_WARN_UNINITIALIZED_AUTOS = YES;
				GCC_WARN_UNUSED_VARIABLE = YES;
				IPHONEOS_DEPLOYMENT_TARGET = 5.1;
				OTHER_CFLAGS = "-DNS_BLOCK_ASSERTIONS=1";
				SDKROOT = iphoneos;
				VALIDATE_PRODUCT = YES;
			};
			name = Release;
		};
		B60017B715E2F5620076550D /* Debug */ = {
			isa = XCBuildConfiguration;
			buildSettings = {
				GCC_PRECOMPILE_PREFIX_HEADER = YES;
				GCC_PREFIX_HEADER = "QueuedHTTPClientSample/QueuedHTTPClientSample-Prefix.pch";
				INFOPLIST_FILE = "QueuedHTTPClientSample/QueuedHTTPClientSample-Info.plist";
				PRODUCT_NAME = "$(TARGET_NAME)";
				WRAPPER_EXTENSION = app;
			};
			name = Debug;
		};
		B60017B815E2F5620076550D /* Release */ = {
			isa = XCBuildConfiguration;
			buildSettings = {
				GCC_PRECOMPILE_PREFIX_HEADER = YES;
				GCC_PREFIX_HEADER = "QueuedHTTPClientSample/QueuedHTTPClientSample-Prefix.pch";
				INFOPLIST_FILE = "QueuedHTTPClientSample/QueuedHTTPClientSample-Info.plist";
				PRODUCT_NAME = "$(TARGET_NAME)";
				WRAPPER_EXTENSION = app;
			};
			name = Release;
		};
/* End XCBuildConfiguration section */

/* Begin XCConfigurationList section */
		B600179215E2F5610076550D /* Build configuration list for PBXProject "QueuedHTTPClientSample" */ = {
			isa = XCConfigurationList;
			buildConfigurations = (
				B60017B415E2F5620076550D /* Debug */,
				B60017B515E2F5620076550D /* Release */,
			);
			defaultConfigurationIsVisible = 0;
			defaultConfigurationName = Release;
		};
		B60017B615E2F5620076550D /* Build configuration list for PBXNativeTarget "QueuedHTTPClientSample" */ = {
			isa = XCConfigurationList;
			buildConfigurations = (
				B60017B715E2F5620076550D /* Debug */,
				B60017B815E2F5620076550D /* Release */,
			);
			defaultConfigurationIsVisible = 0;
			defaultConfigurationName = Release;
		};
/* End XCConfigurationList section */
	};
	rootObject = B600178F15E2F5610076550D /* Project object */;
}
